// !$*UTF8*$!
{
	archiveVersion = 1;
	classes = {
	};
	objectVersion = 50;
	objects = {

/* Begin PBXBuildFile section */
		424069FD25406F99009B2790 /* AppDelegate.swift in Sources */ = {isa = PBXBuildFile; fileRef = 424069FC25406F99009B2790 /* AppDelegate.swift */; };
		424069FF25406F99009B2790 /* SceneDelegate.swift in Sources */ = {isa = PBXBuildFile; fileRef = 424069FE25406F99009B2790 /* SceneDelegate.swift */; };
		42406A0125406F99009B2790 /* ViewController.swift in Sources */ = {isa = PBXBuildFile; fileRef = 42406A0025406F99009B2790 /* ViewController.swift */; };
		42406A0425406F99009B2790 /* Main.storyboard in Resources */ = {isa = PBXBuildFile; fileRef = 42406A0225406F99009B2790 /* Main.storyboard */; };
		42406A0625406F9C009B2790 /* Assets.xcassets in Resources */ = {isa = PBXBuildFile; fileRef = 42406A0525406F9C009B2790 /* Assets.xcassets */; };
		42406A0925406F9C009B2790 /* LaunchScreen.storyboard in Resources */ = {isa = PBXBuildFile; fileRef = 42406A0725406F9C009B2790 /* LaunchScreen.storyboard */; };
		42406A1425406F9C009B2790 /* AnimationTests.swift in Sources */ = {isa = PBXBuildFile; fileRef = 42406A1325406F9C009B2790 /* AnimationTests.swift */; };
		42406A1F25406F9C009B2790 /* AnimationUITests.swift in Sources */ = {isa = PBXBuildFile; fileRef = 42406A1E25406F9C009B2790 /* AnimationUITests.swift */; };
		42EF2693255175810050729A /* UIColor+Random.swift in Sources */ = {isa = PBXBuildFile; fileRef = 42EF2692255175810050729A /* UIColor+Random.swift */; };
/* End PBXBuildFile section */

/* Begin PBXContainerItemProxy section */
		42406A1025406F9C009B2790 /* PBXContainerItemProxy */ = {
			isa = PBXContainerItemProxy;
			containerPortal = 424069F125406F99009B2790 /* Project object */;
			proxyType = 1;
			remoteGlobalIDString = 424069F825406F99009B2790;
			remoteInfo = Animation;
		};
		42406A1B25406F9C009B2790 /* PBXContainerItemProxy */ = {
			isa = PBXContainerItemProxy;
			containerPortal = 424069F125406F99009B2790 /* Project object */;
			proxyType = 1;
			remoteGlobalIDString = 424069F825406F99009B2790;
			remoteInfo = Animation;
		};
/* End PBXContainerItemProxy section */

/* Begin PBXFileReference section */
		424069F925406F99009B2790 /* Animation.app */ = {isa = PBXFileReference; explicitFileType = wrapper.application; includeInIndex = 0; path = Animation.app; sourceTree = BUILT_PRODUCTS_DIR; };
		424069FC25406F99009B2790 /* AppDelegate.swift */ = {isa = PBXFileReference; lastKnownFileType = sourcecode.swift; path = AppDelegate.swift; sourceTree = "<group>"; };
		424069FE25406F99009B2790 /* SceneDelegate.swift */ = {isa = PBXFileReference; lastKnownFileType = sourcecode.swift; path = SceneDelegate.swift; sourceTree = "<group>"; };
		42406A0025406F99009B2790 /* ViewController.swift */ = {isa = PBXFileReference; lastKnownFileType = sourcecode.swift; path = ViewController.swift; sourceTree = "<group>"; };
		42406A0325406F99009B2790 /* Base */ = {isa = PBXFileReference; lastKnownFileType = file.storyboard; name = Base; path = Base.lproj/Main.storyboard; sourceTree = "<group>"; };
		42406A0525406F9C009B2790 /* Assets.xcassets */ = {isa = PBXFileReference; lastKnownFileType = folder.assetcatalog; path = Assets.xcassets; sourceTree = "<group>"; };
		42406A0825406F9C009B2790 /* Base */ = {isa = PBXFileReference; lastKnownFileType = file.storyboard; name = Base; path = Base.lproj/LaunchScreen.storyboard; sourceTree = "<group>"; };
		42406A0A25406F9C009B2790 /* Info.plist */ = {isa = PBXFileReference; lastKnownFileType = text.plist.xml; path = Info.plist; sourceTree = "<group>"; };
		42406A0F25406F9C009B2790 /* AnimationTests.xctest */ = {isa = PBXFileReference; explicitFileType = wrapper.cfbundle; includeInIndex = 0; path = AnimationTests.xctest; sourceTree = BUILT_PRODUCTS_DIR; };
		42406A1325406F9C009B2790 /* AnimationTests.swift */ = {isa = PBXFileReference; lastKnownFileType = sourcecode.swift; path = AnimationTests.swift; sourceTree = "<group>"; };
		42406A1525406F9C009B2790 /* Info.plist */ = {isa = PBXFileReference; lastKnownFileType = text.plist.xml; path = Info.plist; sourceTree = "<group>"; };
		42406A1A25406F9C009B2790 /* AnimationUITests.xctest */ = {isa = PBXFileReference; explicitFileType = wrapper.cfbundle; includeInIndex = 0; path = AnimationUITests.xctest; sourceTree = BUILT_PRODUCTS_DIR; };
		42406A1E25406F9C009B2790 /* AnimationUITests.swift */ = {isa = PBXFileReference; lastKnownFileType = sourcecode.swift; path = AnimationUITests.swift; sourceTree = "<group>"; };
		42406A2025406F9C009B2790 /* Info.plist */ = {isa = PBXFileReference; lastKnownFileType = text.plist.xml; path = Info.plist; sourceTree = "<group>"; };
		42EF2692255175810050729A /* UIColor+Random.swift */ = {isa = PBXFileReference; lastKnownFileType = sourcecode.swift; path = "UIColor+Random.swift"; sourceTree = "<group>"; };
/* End PBXFileReference section */

/* Begin PBXFrameworksBuildPhase section */
		424069F625406F99009B2790 /* Frameworks */ = {
			isa = PBXFrameworksBuildPhase;
			buildActionMask = 2147483647;
			files = (
			);
			runOnlyForDeploymentPostprocessing = 0;
		};
		42406A0C25406F9C009B2790 /* Frameworks */ = {
			isa = PBXFrameworksBuildPhase;
			buildActionMask = 2147483647;
			files = (
			);
			runOnlyForDeploymentPostprocessing = 0;
		};
		42406A1725406F9C009B2790 /* Frameworks */ = {
			isa = PBXFrameworksBuildPhase;
			buildActionMask = 2147483647;
			files = (
			);
			runOnlyForDeploymentPostprocessing = 0;
		};
/* End PBXFrameworksBuildPhase section */

/* Begin PBXGroup section */
		424069F025406F99009B2790 = {
			isa = PBXGroup;
			children = (
				424069FB25406F99009B2790 /* Animation */,
				42406A1225406F9C009B2790 /* AnimationTests */,
				42406A1D25406F9C009B2790 /* AnimationUITests */,
				424069FA25406F99009B2790 /* Products */,
			);
			sourceTree = "<group>";
		};
		424069FA25406F99009B2790 /* Products */ = {
			isa = PBXGroup;
			children = (
				424069F925406F99009B2790 /* Animation.app */,
				42406A0F25406F9C009B2790 /* AnimationTests.xctest */,
				42406A1A25406F9C009B2790 /* AnimationUITests.xctest */,
			);
			name = Products;
			sourceTree = "<group>";
		};
		424069FB25406F99009B2790 /* Animation */ = {
			isa = PBXGroup;
			children = (
				424069FC25406F99009B2790 /* AppDelegate.swift */,
				424069FE25406F99009B2790 /* SceneDelegate.swift */,
				42406A0025406F99009B2790 /* ViewController.swift */,
				42406A0225406F99009B2790 /* Main.storyboard */,
				42406A0525406F9C009B2790 /* Assets.xcassets */,
				42406A0725406F9C009B2790 /* LaunchScreen.storyboard */,
				42406A0A25406F9C009B2790 /* Info.plist */,
				42EF2692255175810050729A /* UIColor+Random.swift */,
			);
			path = Animation;
			sourceTree = "<group>";
		};
		42406A1225406F9C009B2790 /* AnimationTests */ = {
			isa = PBXGroup;
			children = (
				42406A1325406F9C009B2790 /* AnimationTests.swift */,
				42406A1525406F9C009B2790 /* Info.plist */,
			);
			path = AnimationTests;
			sourceTree = "<group>";
		};
		42406A1D25406F9C009B2790 /* AnimationUITests */ = {
			isa = PBXGroup;
			children = (
				42406A1E25406F9C009B2790 /* AnimationUITests.swift */,
				42406A2025406F9C009B2790 /* Info.plist */,
			);
			path = AnimationUITests;
			sourceTree = "<group>";
		};
/* End PBXGroup section */

/* Begin PBXNativeTarget section */
		424069F825406F99009B2790 /* Animation */ = {
			isa = PBXNativeTarget;
			buildConfigurationList = 42406A2325406F9C009B2790 /* Build configuration list for PBXNativeTarget "Animation" */;
			buildPhases = (
				424069F525406F99009B2790 /* Sources */,
				424069F625406F99009B2790 /* Frameworks */,
				424069F725406F99009B2790 /* Resources */,
			);
			buildRules = (
			);
			dependencies = (
			);
			name = Animation;
			productName = Animation;
			productReference = 424069F925406F99009B2790 /* Animation.app */;
			productType = "com.apple.product-type.application";
		};
		42406A0E25406F9C009B2790 /* AnimationTests */ = {
			isa = PBXNativeTarget;
			buildConfigurationList = 42406A2625406F9C009B2790 /* Build configuration list for PBXNativeTarget "AnimationTests" */;
			buildPhases = (
				42406A0B25406F9C009B2790 /* Sources */,
				42406A0C25406F9C009B2790 /* Frameworks */,
				42406A0D25406F9C009B2790 /* Resources */,
			);
			buildRules = (
			);
			dependencies = (
				42406A1125406F9C009B2790 /* PBXTargetDependency */,
			);
			name = AnimationTests;
			productName = AnimationTests;
			productReference = 42406A0F25406F9C009B2790 /* AnimationTests.xctest */;
			productType = "com.apple.product-type.bundle.unit-test";
		};
		42406A1925406F9C009B2790 /* AnimationUITests */ = {
			isa = PBXNativeTarget;
			buildConfigurationList = 42406A2925406F9C009B2790 /* Build configuration list for PBXNativeTarget "AnimationUITests" */;
			buildPhases = (
				42406A1625406F9C009B2790 /* Sources */,
				42406A1725406F9C009B2790 /* Frameworks */,
				42406A1825406F9C009B2790 /* Resources */,
			);
			buildRules = (
			);
			dependencies = (
				42406A1C25406F9C009B2790 /* PBXTargetDependency */,
			);
			name = AnimationUITests;
			productName = AnimationUITests;
			productReference = 42406A1A25406F9C009B2790 /* AnimationUITests.xctest */;
			productType = "com.apple.product-type.bundle.ui-testing";
		};
/* End PBXNativeTarget section */

/* Begin PBXProject section */
		424069F125406F99009B2790 /* Project object */ = {
			isa = PBXProject;
			attributes = {
				LastSwiftUpdateCheck = 1200;
				LastUpgradeCheck = 1200;
				TargetAttributes = {
					424069F825406F99009B2790 = {
						CreatedOnToolsVersion = 12.0.1;
					};
					42406A0E25406F9C009B2790 = {
						CreatedOnToolsVersion = 12.0.1;
						TestTargetID = 424069F825406F99009B2790;
					};
					42406A1925406F9C009B2790 = {
						CreatedOnToolsVersion = 12.0.1;
						TestTargetID = 424069F825406F99009B2790;
					};
				};
			};
			buildConfigurationList = 424069F425406F99009B2790 /* Build configuration list for PBXProject "Animation" */;
			compatibilityVersion = "Xcode 9.3";
			developmentRegion = en;
			hasScannedForEncodings = 0;
			knownRegions = (
				en,
				Base,
			);
			mainGroup = 424069F025406F99009B2790;
			productRefGroup = 424069FA25406F99009B2790 /* Products */;
			projectDirPath = "";
			projectRoot = "";
			targets = (
				424069F825406F99009B2790 /* Animation */,
				42406A0E25406F9C009B2790 /* AnimationTests */,
				42406A1925406F9C009B2790 /* AnimationUITests */,
			);
		};
/* End PBXProject section */

/* Begin PBXResourcesBuildPhase section */
		424069F725406F99009B2790 /* Resources */ = {
			isa = PBXResourcesBuildPhase;
			buildActionMask = 2147483647;
			files = (
				42406A0925406F9C009B2790 /* LaunchScreen.storyboard in Resources */,
				42406A0625406F9C009B2790 /* Assets.xcassets in Resources */,
				42406A0425406F99009B2790 /* Main.storyboard in Resources */,
			);
			runOnlyForDeploymentPostprocessing = 0;
		};
		42406A0D25406F9C009B2790 /* Resources */ = {
			isa = PBXResourcesBuildPhase;
			buildActionMask = 2147483647;
			files = (
			);
			runOnlyForDeploymentPostprocessing = 0;
		};
		42406A1825406F9C009B2790 /* Resources */ = {
			isa = PBXResourcesBuildPhase;
			buildActionMask = 2147483647;
			files = (
			);
			runOnlyForDeploymentPostprocessing = 0;
		};
/* End PBXResourcesBuildPhase section */

/* Begin PBXSourcesBuildPhase section */
		424069F525406F99009B2790 /* Sources */ = {
			isa = PBXSourcesBuildPhase;
			buildActionMask = 2147483647;
			files = (
				42EF2693255175810050729A /* UIColor+Random.swift in Sources */,
				42406A0125406F99009B2790 /* ViewController.swift in Sources */,
				424069FD25406F99009B2790 /* AppDelegate.swift in Sources */,
				424069FF25406F99009B2790 /* SceneDelegate.swift in Sources */,
			);
			runOnlyForDeploymentPostprocessing = 0;
		};
		42406A0B25406F9C009B2790 /* Sources */ = {
			isa = PBXSourcesBuildPhase;
			buildActionMask = 2147483647;
			files = (
				42406A1425406F9C009B2790 /* AnimationTests.swift in Sources */,
			);
			runOnlyForDeploymentPostprocessing = 0;
		};
		42406A1625406F9C009B2790 /* Sources */ = {
			isa = PBXSourcesBuildPhase;
			buildActionMask = 2147483647;
			files = (
				42406A1F25406F9C009B2790 /* AnimationUITests.swift in Sources */,
			);
			runOnlyForDeploymentPostprocessing = 0;
		};
/* End PBXSourcesBuildPhase section */

/* Begin PBXTargetDependency section */
		42406A1125406F9C009B2790 /* PBXTargetDependency */ = {
			isa = PBXTargetDependency;
			target = 424069F825406F99009B2790 /* Animation */;
			targetProxy = 42406A1025406F9C009B2790 /* PBXContainerItemProxy */;
		};
		42406A1C25406F9C009B2790 /* PBXTargetDependency */ = {
			isa = PBXTargetDependency;
			target = 424069F825406F99009B2790 /* Animation */;
			targetProxy = 42406A1B25406F9C009B2790 /* PBXContainerItemProxy */;
		};
/* End PBXTargetDependency section */

/* Begin PBXVariantGroup section */
		42406A0225406F99009B2790 /* Main.storyboard */ = {
			isa = PBXVariantGroup;
			children = (
				42406A0325406F99009B2790 /* Base */,
			);
			name = Main.storyboard;
			sourceTree = "<group>";
		};
		42406A0725406F9C009B2790 /* LaunchScreen.storyboard */ = {
			isa = PBXVariantGroup;
			children = (
				42406A0825406F9C009B2790 /* Base */,
			);
			name = LaunchScreen.storyboard;
			sourceTree = "<group>";
		};
/* End PBXVariantGroup section */

/* Begin XCBuildConfiguration section */
		42406A2125406F9C009B2790 /* Debug */ = {
			isa = XCBuildConfiguration;
			buildSettings = {
				ALWAYS_SEARCH_USER_PATHS = NO;
				CLANG_ANALYZER_NONNULL = YES;
				CLANG_ANALYZER_NUMBER_OBJECT_CONVERSION = YES_AGGRESSIVE;
				CLANG_CXX_LANGUAGE_STANDARD = "gnu++14";
				CLANG_CXX_LIBRARY = "libc++";
				CLANG_ENABLE_MODULES = YES;
				CLANG_ENABLE_OBJC_ARC = YES;
				CLANG_ENABLE_OBJC_WEAK = YES;
				CLANG_WARN_BLOCK_CAPTURE_AUTORELEASING = YES;
				CLANG_WARN_BOOL_CONVERSION = YES;
				CLANG_WARN_COMMA = YES;
				CLANG_WARN_CONSTANT_CONVERSION = YES;
				CLANG_WARN_DEPRECATED_OBJC_IMPLEMENTATIONS = YES;
				CLANG_WARN_DIRECT_OBJC_ISA_USAGE = YES_ERROR;
				CLANG_WARN_DOCUMENTATION_COMMENTS = YES;
				CLANG_WARN_EMPTY_BODY = YES;
				CLANG_WARN_ENUM_CONVERSION = YES;
				CLANG_WARN_INFINITE_RECURSION = YES;
				CLANG_WARN_INT_CONVERSION = YES;
				CLANG_WARN_NON_LITERAL_NULL_CONVERSION = YES;
				CLANG_WARN_OBJC_IMPLICIT_RETAIN_SELF = YES;
				CLANG_WARN_OBJC_LITERAL_CONVERSION = YES;
				CLANG_WARN_OBJC_ROOT_CLASS = YES_ERROR;
				CLANG_WARN_QUOTED_INCLUDE_IN_FRAMEWORK_HEADER = YES;
				CLANG_WARN_RANGE_LOOP_ANALYSIS = YES;
				CLANG_WARN_STRICT_PROTOTYPES = YES;
				CLANG_WARN_SUSPICIOUS_MOVE = YES;
				CLANG_WARN_UNGUARDED_AVAILABILITY = YES_AGGRESSIVE;
				CLANG_WARN_UNREACHABLE_CODE = YES;
				CLANG_WARN__DUPLICATE_METHOD_MATCH = YES;
				COPY_PHASE_STRIP = NO;
				DEBUG_INFORMATION_FORMAT = dwarf;
				ENABLE_STRICT_OBJC_MSGSEND = YES;
				ENABLE_TESTABILITY = YES;
				GCC_C_LANGUAGE_STANDARD = gnu11;
				GCC_DYNAMIC_NO_PIC = NO;
				GCC_NO_COMMON_BLOCKS = YES;
				GCC_OPTIMIZATION_LEVEL = 0;
				GCC_PREPROCESSOR_DEFINITIONS = (
					"DEBUG=1",
					"$(inherited)",
				);
				GCC_WARN_64_TO_32_BIT_CONVERSION = YES;
				GCC_WARN_ABOUT_RETURN_TYPE = YES_ERROR;
				GCC_WARN_UNDECLARED_SELECTOR = YES;
				GCC_WARN_UNINITIALIZED_AUTOS = YES_AGGRESSIVE;
				GCC_WARN_UNUSED_FUNCTION = YES;
				GCC_WARN_UNUSED_VARIABLE = YES;
				IPHONEOS_DEPLOYMENT_TARGET = 14.0;
				MTL_ENABLE_DEBUG_INFO = INCLUDE_SOURCE;
				MTL_FAST_MATH = YES;
				ONLY_ACTIVE_ARCH = YES;
				SDKROOT = iphoneos;
				SWIFT_ACTIVE_COMPILATION_CONDITIONS = DEBUG;
				SWIFT_OPTIMIZATION_LEVEL = "-Onone";
			};
			name = Debug;
		};
		42406A2225406F9C009B2790 /* Release */ = {
			isa = XCBuildConfiguration;
			buildSettings = {
				ALWAYS_SEARCH_USER_PATHS = NO;
				CLANG_ANALYZER_NONNULL = YES;
				CLANG_ANALYZER_NUMBER_OBJECT_CONVERSION = YES_AGGRESSIVE;
				CLANG_CXX_LANGUAGE_STANDARD = "gnu++14";
				CLANG_CXX_LIBRARY = "libc++";
				CLANG_ENABLE_MODULES = YES;
				CLANG_ENABLE_OBJC_ARC = YES;
				CLANG_ENABLE_OBJC_WEAK = YES;
				CLANG_WARN_BLOCK_CAPTURE_AUTORELEASING = YES;
				CLANG_WARN_BOOL_CONVERSION = YES;
				CLANG_WARN_COMMA = YES;
				CLANG_WARN_CONSTANT_CONVERSION = YES;
				CLANG_WARN_DEPRECATED_OBJC_IMPLEMENTATIONS = YES;
				CLANG_WARN_DIRECT_OBJC_ISA_USAGE = YES_ERROR;
				CLANG_WARN_DOCUMENTATION_COMMENTS = YES;
				CLANG_WARN_EMPTY_BODY = YES;
				CLANG_WARN_ENUM_CONVERSION = YES;
				CLANG_WARN_INFINITE_RECURSION = YES;
				CLANG_WARN_INT_CONVERSION = YES;
				CLANG_WARN_NON_LITERAL_NULL_CONVERSION = YES;
				CLANG_WARN_OBJC_IMPLICIT_RETAIN_SELF = YES;
				CLANG_WARN_OBJC_LITERAL_CONVERSION = YES;
				CLANG_WARN_OBJC_ROOT_CLASS = YES_ERROR;
				CLANG_WARN_QUOTED_INCLUDE_IN_FRAMEWORK_HEADER = YES;
				CLANG_WARN_RANGE_LOOP_ANALYSIS = YES;
				CLANG_WARN_STRICT_PROTOTYPES = YES;
				CLANG_WARN_SUSPICIOUS_MOVE = YES;
				CLANG_WARN_UNGUARDED_AVAILABILITY = YES_AGGRESSIVE;
				CLANG_WARN_UNREACHABLE_CODE = YES;
				CLANG_WARN__DUPLICATE_METHOD_MATCH = YES;
				COPY_PHASE_STRIP = NO;
				DEBUG_INFORMATION_FORMAT = "dwarf-with-dsym";
				ENABLE_NS_ASSERTIONS = NO;
				ENABLE_STRICT_OBJC_MSGSEND = YES;
				GCC_C_LANGUAGE_STANDARD = gnu11;
				GCC_NO_COMMON_BLOCKS = YES;
				GCC_WARN_64_TO_32_BIT_CONVERSION = YES;
				GCC_WARN_ABOUT_RETURN_TYPE = YES_ERROR;
				GCC_WARN_UNDECLARED_SELECTOR = YES;
				GCC_WARN_UNINITIALIZED_AUTOS = YES_AGGRESSIVE;
				GCC_WARN_UNUSED_FUNCTION = YES;
				GCC_WARN_UNUSED_VARIABLE = YES;
				IPHONEOS_DEPLOYMENT_TARGET = 14.0;
				MTL_ENABLE_DEBUG_INFO = NO;
				MTL_FAST_MATH = YES;
				SDKROOT = iphoneos;
				SWIFT_COMPILATION_MODE = wholemodule;
				SWIFT_OPTIMIZATION_LEVEL = "-O";
				VALIDATE_PRODUCT = YES;
			};
			name = Release;
		};
		42406A2425406F9C009B2790 /* Debug */ = {
			isa = XCBuildConfiguration;
			buildSettings = {
				ASSETCATALOG_COMPILER_APPICON_NAME = AppIcon;
				ASSETCATALOG_COMPILER_GLOBAL_ACCENT_COLOR_NAME = AccentColor;
				CODE_SIGN_STYLE = Automatic;
				DEVELOPMENT_TEAM = HPXMDUH97M;
				INFOPLIST_FILE = Animation/Info.plist;
				LD_RUNPATH_SEARCH_PATHS = (
					"$(inherited)",
					"@executable_path/Frameworks",
				);
				PRODUCT_BUNDLE_IDENTIFIER = com.casp.Animation;
				PRODUCT_NAME = "$(TARGET_NAME)";
				SWIFT_VERSION = 5.0;
				TARGETED_DEVICE_FAMILY = "1,2";
			};
			name = Debug;
		};
		42406A2525406F9C009B2790 /* Release */ = {
			isa = XCBuildConfiguration;
			buildSettings = {
				ASSETCATALOG_COMPILER_APPICON_NAME = AppIcon;
				ASSETCATALOG_COMPILER_GLOBAL_ACCENT_COLOR_NAME = AccentColor;
				CODE_SIGN_STYLE = Automatic;
				DEVELOPMENT_TEAM = HPXMDUH97M;
				INFOPLIST_FILE = Animation/Info.plist;
				LD_RUNPATH_SEARCH_PATHS = (
					"$(inherited)",
					"@executable_path/Frameworks",
				);
				PRODUCT_BUNDLE_IDENTIFIER = com.casp.Animation;
				PRODUCT_NAME = "$(TARGET_NAME)";
				SWIFT_VERSION = 5.0;
				TARGETED_DEVICE_FAMILY = "1,2";
			};
			name = Release;
		};
		42406A2725406F9C009B2790 /* Debug */ = {
			isa = XCBuildConfiguration;
			buildSettings = {
				ALWAYS_EMBED_SWIFT_STANDARD_LIBRARIES = YES;
				BUNDLE_LOADER = "$(TEST_HOST)";
				CODE_SIGN_STYLE = Automatic;
				DEVELOPMENT_TEAM = HPXMDUH97M;
				INFOPLIST_FILE = AnimationTests/Info.plist;
				IPHONEOS_DEPLOYMENT_TARGET = 14.0;
				LD_RUNPATH_SEARCH_PATHS = (
					"$(inherited)",
					"@executable_path/Frameworks",
					"@loader_path/Frameworks",
				);
				PRODUCT_BUNDLE_IDENTIFIER = com.casp.AnimationTests;
				PRODUCT_NAME = "$(TARGET_NAME)";
				SWIFT_VERSION = 5.0;
				TARGETED_DEVICE_FAMILY = "1,2";
				TEST_HOST = "$(BUILT_PRODUCTS_DIR)/Animation.app/Animation";
			};
			name = Debug;
		};
		42406A2825406F9C009B2790 /* Release */ = {
			isa = XCBuildConfiguration;
			buildSettings = {
				ALWAYS_EMBED_SWIFT_STANDARD_LIBRARIES = YES;
				BUNDLE_LOADER = "$(TEST_HOST)";
				CODE_SIGN_STYLE = Automatic;
				DEVELOPMENT_TEAM = HPXMDUH97M;
				INFOPLIST_FILE = AnimationTests/Info.plist;
				IPHONEOS_DEPLOYMENT_TARGET = 14.0;
				LD_RUNPATH_SEARCH_PATHS = (
					"$(inherited)",
					"@executable_path/Frameworks",
					"@loader_path/Frameworks",
				);
				PRODUCT_BUNDLE_IDENTIFIER = com.casp.AnimationTests;
				PRODUCT_NAME = "$(TARGET_NAME)";
				SWIFT_VERSION = 5.0;
				TARGETED_DEVICE_FAMILY = "1,2";
				TEST_HOST = "$(BUILT_PRODUCTS_DIR)/Animation.app/Animation";
			};
			name = Release;
		};
		42406A2A25406F9C009B2790 /* Debug */ = {
			isa = XCBuildConfiguration;
			buildSettings = {
				ALWAYS_EMBED_SWIFT_STANDARD_LIBRARIES = YES;
				CODE_SIGN_STYLE = Automatic;
				DEVELOPMENT_TEAM = HPXMDUH97M;
				INFOPLIST_FILE = AnimationUITests/Info.plist;
				LD_RUNPATH_SEARCH_PATHS = (
					"$(inherited)",
					"@executable_path/Frameworks",
					"@loader_path/Frameworks",
				);
				PRODUCT_BUNDLE_IDENTIFIER = com.casp.AnimationUITests;
				PRODUCT_NAME = "$(TARGET_NAME)";
				SWIFT_VERSION = 5.0;
				TARGETED_DEVICE_FAMILY = "1,2";
				TEST_TARGET_NAME = Animation;
			};
			name = Debug;
		};
		42406A2B25406F9C009B2790 /* Release */ = {
			isa = XCBuildConfiguration;
			buildSettings = {
				ALWAYS_EMBED_SWIFT_STANDARD_LIBRARIES = YES;
				CODE_SIGN_STYLE = Automatic;
				DEVELOPMENT_TEAM = HPXMDUH97M;
				INFOPLIST_FILE = AnimationUITests/Info.plist;
				LD_RUNPATH_SEARCH_PATHS = (
					"$(inherited)",
					"@executable_path/Frameworks",
					"@loader_path/Frameworks",
				);
				PRODUCT_BUNDLE_IDENTIFIER = com.casp.AnimationUITests;
				PRODUCT_NAME = "$(TARGET_NAME)";
				SWIFT_VERSION = 5.0;
				TARGETED_DEVICE_FAMILY = "1,2";
				TEST_TARGET_NAME = Animation;
			};
			name = Release;
		};
/* End XCBuildConfiguration section */

/* Begin XCConfigurationList section */
		424069F425406F99009B2790 /* Build configuration list for PBXProject "Animation" */ = {
			isa = XCConfigurationList;
			buildConfigurations = (
				42406A2125406F9C009B2790 /* Debug */,
				42406A2225406F9C009B2790 /* Release */,
			);
			defaultConfigurationIsVisible = 0;
			defaultConfigurationName = Release;
		};
		42406A2325406F9C009B2790 /* Build configuration list for PBXNativeTarget "Animation" */ = {
			isa = XCConfigurationList;
			buildConfigurations = (
				42406A2425406F9C009B2790 /* Debug */,
				42406A2525406F9C009B2790 /* Release */,
			);
			defaultConfigurationIsVisible = 0;
			defaultConfigurationName = Release;
		};
		42406A2625406F9C009B2790 /* Build configuration list for PBXNativeTarget "AnimationTests" */ = {
			isa = XCConfigurationList;
			buildConfigurations = (
				42406A2725406F9C009B2790 /* Debug */,
				42406A2825406F9C009B2790 /* Release */,
			);
			defaultConfigurationIsVisible = 0;
			defaultConfigurationName = Release;
		};
		42406A2925406F9C009B2790 /* Build configuration list for PBXNativeTarget "AnimationUITests" */ = {
			isa = XCConfigurationList;
			buildConfigurations = (
				42406A2A25406F9C009B2790 /* Debug */,
				42406A2B25406F9C009B2790 /* Release */,
			);
			defaultConfigurationIsVisible = 0;
			defaultConfigurationName = Release;
		};
/* End XCConfigurationList section */
	};
	rootObject = 424069F125406F99009B2790 /* Project object */;
}
